
Microsoft Visual Studio Solution File, Format Version 12.00
# Visual Studio Version 17
VisualStudioVersion = 17.11.35327.3
MinimumVisualStudioVersion = 10.0.40219.1
Project("{FAE04EC0-301F-11D3-BF4B-00C04F79EFBC}") = "Module 2", "Module 2.csproj", "{96512469-2699-4DC6-8198-ACE793321015}"
EndProject
Global
	GlobalSection(SolutionConfigurationPlatforms) = preSolution
		Debug|Any CPU = Debug|Any CPU
		Release|Any CPU = Release|Any CPU
	EndGlobalSection
	GlobalSection(ProjectConfigurationPlatforms) = postSolution
		{96512469-2699-4DC6-8198-ACE793321015}.Debug|Any CPU.ActiveCfg = Debug|Any CPU
		{96512469-2699-4DC6-8198-ACE793321015}.Debug|Any CPU.Build.0 = Debug|Any CPU
		{96512469-2699-4DC6-8198-ACE793321015}.Release|Any CPU.ActiveCfg = Release|Any CPU
		{96512469-2699-4DC6-8198-ACE793321015}.Release|Any CPU.Build.0 = Release|Any CPU
	EndGlobalSection
	GlobalSection(SolutionProperties) = preSolution
		HideSolutionNode = FALSE
	EndGlobalSection
	GlobalSection(ExtensibilityGlobals) = postSolution
		SolutionGuid = {DFF51F57-CA7A-4F15-A57F-08C35BDACB45}
	EndGlobalSection
EndGlobal
